
Microsoft Visual Studio Solution File, Format Version 12.00
# Visual Studio 15
VisualStudioVersion = 15.0.28307.489
MinimumVisualStudioVersion = 10.0.40219.1
Project("{FAE04EC0-301F-11D3-BF4B-00C04F79EFBC}") = "FizzBuzz", "FizzBuzz\FizzBuzz.csproj", "{2729D3B1-A1A1-4F8B-9F93-82CCC57BAE87}"
EndProject
Global
	GlobalSection(SolutionConfigurationPlatforms) = preSolution
		Debug|Any CPU = Debug|Any CPU
		Release|Any CPU = Release|Any CPU
	EndGlobalSection
	GlobalSection(ProjectConfigurationPlatforms) = postSolution
		{2729D3B1-A1A1-4F8B-9F93-82CCC57BAE87}.Debug|Any CPU.ActiveCfg = Debug|Any CPU
		{2729D3B1-A1A1-4F8B-9F93-82CCC57BAE87}.Debug|Any CPU.Build.0 = Debug|Any CPU
		{2729D3B1-A1A1-4F8B-9F93-82CCC57BAE87}.Release|Any CPU.ActiveCfg = Release|Any CPU
		{2729D3B1-A1A1-4F8B-9F93-82CCC57BAE87}.Release|Any CPU.Build.0 = Release|Any CPU
	EndGlobalSection
	GlobalSection(SolutionProperties) = preSolution
		HideSolutionNode = FALSE
	EndGlobalSection
	GlobalSection(ExtensibilityGlobals) = postSolution
		SolutionGuid = {97B41DFD-59D3-48F7-9791-DEB6412F0C0A}
	EndGlobalSection
EndGlobal
